{
  "name": "npmwsbug",
  "version": "1.0.0",
  "lockfileVersion": 2,
  "requires": true,
  "packages": {
    "": {
      "name": "npmwsbug",
      "version": "1.0.0",
      "license": "ISC",
      "workspaces": [
        "packages/*",
        "packages/*/inner"
      ]
    },
    "node_modules/@npmwsbug/a": {
      "resolved": "packages/a",
      "link": true
    },
    "node_modules/@npmwsbug/a-inner": {
      "resolved": "packages/a/inner",
      "link": true
    },
    "node_modules/@npmwsbug/b": {
      "resolved": "packages/b",
      "link": true
    },
    "packages/a": {
      "name": "@npmwsbug/a",
      "version": "1.0.0",
      "license": "ISC",
      "dependencies": {
        "@npmwsbug/a-inner": "1.0.0"
      }
    },
    "packages/a/inner": {
      "name": "@npmwsbug/a-inner",
      "version": "1.0.0",
      "license": "ISC"
    },
    "packages/b": {
      "name": "@npmwsbug/b",
      "version": "1.0.0",
      "license": "ISC",
      "dependencies": {
        "@npmwsbug/a-inner": "1.0.0"
      }
    },
    "packages/c": {
      "name": "@npmwsbug/c",
      "version": "1.0.0",
      "extraneous": true,
      "license": "ISC",
      "dependencies": {
        "@npmwsbug/c2": "1.0.0"
      }
    },
    "packages/c/inner": {
      "name": "@npmwsbug/c2",
      "version": "1.0.0",
      "extraneous": true,
      "license": "ISC"
    },
    "packages/d": {
      "name": "@npmwsbug/d",
      "version": "1.0.0",
      "extraneous": true,
      "license": "ISC",
      "dependencies": {
        "@npmwsbug/c2": "1.0.0"
      }
    }
  },
  "dependencies": {
    "@npmwsbug/a": {
      "version": "file:packages/a",
      "requires": {
        "@npmwsbug/a-inner": "1.0.0"
      }
    },
    "@npmwsbug/a-inner": {
      "version": "file:packages/a/inner"
    },
    "@npmwsbug/b": {
      "version": "file:packages/b",
      "requires": {
        "@npmwsbug/a-inner": "1.0.0"
      }
    }
  }
}
